
Microsoft Visual Studio Solution File, Format Version 12.00
# Visual Studio Version 17
VisualStudioVersion = 17.8.34309.116
MinimumVisualStudioVersion = 10.0.40219.1
Project("{FAE04EC0-301F-11D3-BF4B-00C04F79EFBC}") = "tinkoff_algs_first", "tinkoff_algs_first.csproj", "{5228BEF6-1F15-49C0-8D81-2246B612FE82}"
EndProject
Global
	GlobalSection(SolutionConfigurationPlatforms) = preSolution
		Debug|Any CPU = Debug|Any CPU
		Release|Any CPU = Release|Any CPU
	EndGlobalSection
	GlobalSection(ProjectConfigurationPlatforms) = postSolution
		{5228BEF6-1F15-49C0-8D81-2246B612FE82}.Debug|Any CPU.ActiveCfg = Debug|Any CPU
		{5228BEF6-1F15-49C0-8D81-2246B612FE82}.Debug|Any CPU.Build.0 = Debug|Any CPU
		{5228BEF6-1F15-49C0-8D81-2246B612FE82}.Release|Any CPU.ActiveCfg = Release|Any CPU
		{5228BEF6-1F15-49C0-8D81-2246B612FE82}.Release|Any CPU.Build.0 = Release|Any CPU
	EndGlobalSection
	GlobalSection(SolutionProperties) = preSolution
		HideSolutionNode = FALSE
	EndGlobalSection
	GlobalSection(ExtensibilityGlobals) = postSolution
		SolutionGuid = {32B86F13-BCD1-434E-8F4C-F19D1B153BAB}
	EndGlobalSection
EndGlobal
